
Microsoft Visual Studio Solution File, Format Version 12.00
# Visual Studio Version 17
VisualStudioVersion = 17.0.31903.59
MinimumVisualStudioVersion = 10.0.40219.1
Project("{FAE04EC0-301F-11D3-BF4B-00C04F79EFBC}") = "API", "API\API.csproj", "{98F0773D-0355-4467-AB46-ED3447DF322A}"
EndProject
Project("{FAE04EC0-301F-11D3-BF4B-00C04F79EFBC}") = "Application", "Application\Application.csproj", "{E04893A7-339E-49C8-AE22-796182A9781E}"
EndProject
Project("{FAE04EC0-301F-11D3-BF4B-00C04F79EFBC}") = "Domain", "Domain\Domain.csproj", "{177DA334-EC89-4306-B568-FEA1C0FD1474}"
EndProject
Project("{FAE04EC0-301F-11D3-BF4B-00C04F79EFBC}") = "Persistence", "Persistence\Persistence.csproj", "{0C931442-7D11-48BF-81FA-8E08A11B0057}"
EndProject
Global
	GlobalSection(SolutionConfigurationPlatforms) = preSolution
		Debug|Any CPU = Debug|Any CPU
		Release|Any CPU = Release|Any CPU
	EndGlobalSection
	GlobalSection(SolutionProperties) = preSolution
		HideSolutionNode = FALSE
	EndGlobalSection
	GlobalSection(ProjectConfigurationPlatforms) = postSolution
		{98F0773D-0355-4467-AB46-ED3447DF322A}.Debug|Any CPU.ActiveCfg = Debug|Any CPU
		{98F0773D-0355-4467-AB46-ED3447DF322A}.Debug|Any CPU.Build.0 = Debug|Any CPU
		{98F0773D-0355-4467-AB46-ED3447DF322A}.Release|Any CPU.ActiveCfg = Release|Any CPU
		{98F0773D-0355-4467-AB46-ED3447DF322A}.Release|Any CPU.Build.0 = Release|Any CPU
		{E04893A7-339E-49C8-AE22-796182A9781E}.Debug|Any CPU.ActiveCfg = Debug|Any CPU
		{E04893A7-339E-49C8-AE22-796182A9781E}.Debug|Any CPU.Build.0 = Debug|Any CPU
		{E04893A7-339E-49C8-AE22-796182A9781E}.Release|Any CPU.ActiveCfg = Release|Any CPU
		{E04893A7-339E-49C8-AE22-796182A9781E}.Release|Any CPU.Build.0 = Release|Any CPU
		{177DA334-EC89-4306-B568-FEA1C0FD1474}.Debug|Any CPU.ActiveCfg = Debug|Any CPU
		{177DA334-EC89-4306-B568-FEA1C0FD1474}.Debug|Any CPU.Build.0 = Debug|Any CPU
		{177DA334-EC89-4306-B568-FEA1C0FD1474}.Release|Any CPU.ActiveCfg = Release|Any CPU
		{177DA334-EC89-4306-B568-FEA1C0FD1474}.Release|Any CPU.Build.0 = Release|Any CPU
		{0C931442-7D11-48BF-81FA-8E08A11B0057}.Debug|Any CPU.ActiveCfg = Debug|Any CPU
		{0C931442-7D11-48BF-81FA-8E08A11B0057}.Debug|Any CPU.Build.0 = Debug|Any CPU
		{0C931442-7D11-48BF-81FA-8E08A11B0057}.Release|Any CPU.ActiveCfg = Release|Any CPU
		{0C931442-7D11-48BF-81FA-8E08A11B0057}.Release|Any CPU.Build.0 = Release|Any CPU
	EndGlobalSection
EndGlobal
